{
  "version": "2",
  "remote": {
    "https://deno.land/std@0.197.0/_util/os.ts": "d932f56d41e4f6a6093d56044e29ce637f8dcc43c5a90af43504a889cf1775e3",
    "https://deno.land/std@0.197.0/assert/assert.ts": "9a97dad6d98c238938e7540736b826440ad8c1c1e54430ca4c4e623e585607ee",
    "https://deno.land/std@0.197.0/assert/assertion_error.ts": "4d0bde9b374dfbcbe8ac23f54f567b77024fb67dbb1906a852d67fe050d42f56",
    "https://deno.land/std@0.197.0/flags/mod.ts": "a5ac18af6583404f21ea03771f8816669d901e0ff4374020870334d6f61d73d5",
    "https://deno.land/std@0.197.0/fs/_util.ts": "fbf57dcdc9f7bc8128d60301eece608246971a7836a3bb1e78da75314f08b978",
    "https://deno.land/std@0.197.0/fs/copy.ts": "b4f7fe87190d7b310c88a2d9ff845210c0a2b7b0a094ec509747359023beb7d6",
    "https://deno.land/std@0.197.0/fs/empty_dir.ts": "c3d2da4c7352fab1cf144a1ecfef58090769e8af633678e0f3fabaef98594688",
    "https://deno.land/std@0.197.0/fs/ensure_dir.ts": "dc64c4c75c64721d4e3fb681f1382f803ff3d2868f08563ff923fdd20d071c40",
    "https://deno.land/std@0.197.0/fs/ensure_file.ts": "c38602670bfaf259d86ca824a94e6cb9e5eb73757fefa4ebf43a90dd017d53d9",
    "https://deno.land/std@0.197.0/fs/ensure_link.ts": "c0f5b2f0ec094ed52b9128eccb1ee23362a617457aa0f699b145d4883f5b2fb4",
    "https://deno.land/std@0.197.0/fs/ensure_symlink.ts": "5006ab2f458159c56d689b53b1e48d57e05eeb1eaf64e677f7f76a30bc4fdba1",
    "https://deno.land/std@0.197.0/fs/eol.ts": "f1f2eb348a750c34500741987b21d65607f352cf7205f48f4319d417fff42842",
    "https://deno.land/std@0.197.0/fs/exists.ts": "29c26bca8584a22876be7cb8844f1b6c8fc35e9af514576b78f5c6884d7ed02d",
    "https://deno.land/std@0.197.0/fs/expand_glob.ts": "3e427436f4b3768727bd7de84169f10db75fe50b32e6dde567b8ae558a8d857a",
    "https://deno.land/std@0.197.0/fs/mod.ts": "bc3d0acd488cc7b42627044caf47d72019846d459279544e1934418955ba4898",
    "https://deno.land/std@0.197.0/fs/move.ts": "b4f8f46730b40c32ea3c0bc8eb0fd0e8139249a698883c7b3756424cf19785c9",
    "https://deno.land/std@0.197.0/fs/walk.ts": "21a3cc5ff39c38acc93575213f54d5f1d44c5c6614ed97603d171eb0bf56a565",
    "https://deno.land/std@0.197.0/path/_constants.ts": "e49961f6f4f48039c0dfed3c3f93e963ca3d92791c9d478ac5b43183413136e0",
    "https://deno.land/std@0.197.0/path/_interface.ts": "6471159dfbbc357e03882c2266d21ef9afdb1e4aa771b0545e90db58a0ba314b",
    "https://deno.land/std@0.197.0/path/_util.ts": "d7abb1e0dea065f427b89156e28cdeb32b045870acdf865833ba808a73b576d0",
    "https://deno.land/std@0.197.0/path/common.ts": "ee7505ab01fd22de3963b64e46cff31f40de34f9f8de1fff6a1bd2fe79380000",
    "https://deno.land/std@0.197.0/path/glob.ts": "d479e0a695621c94d3fd7fe7abd4f9499caf32a8de13f25073451c6ef420a4e1",
    "https://deno.land/std@0.197.0/path/mod.ts": "f065032a7189404fdac3ad1a1551a9ac84751d2f25c431e101787846c86c79ef",
    "https://deno.land/std@0.197.0/path/posix.ts": "8b7c67ac338714b30c816079303d0285dd24af6b284f7ad63da5b27372a2c94d",
    "https://deno.land/std@0.197.0/path/separator.ts": "0fb679739d0d1d7bf45b68dacfb4ec7563597a902edbaf3c59b50d5bcadd93b1",
    "https://deno.land/std@0.197.0/path/win32.ts": "4fca292f8d116fd6d62f243b8a61bd3d6835a9f0ede762ba5c01afe7c3c0aa12",
    "https://deno.land/x/hono@v3.3.4/client/client.ts": "7a819af2aa9aabc746add4d01715fa37f83676fdf1b63fba1bbcd655b2d066a5",
    "https://deno.land/x/hono@v3.3.4/client/index.ts": "3ff4cf246f3543f827a85a2c84d66a025ac350ee927613629bda47e854bfb7ba",
    "https://deno.land/x/hono@v3.3.4/client/types.ts": "256a282e327fc46578de12097f22f6c295343a90c5670ae377b7967cf1622c66",
    "https://deno.land/x/hono@v3.3.4/client/utils.ts": "053273c002963b549d38268a1b423ac8ca211a8028bdab1ed0b781a62aa5e661",
    "https://deno.land/x/hono@v3.3.4/compose.ts": "e55ed7be2134f363ff3c8e8e2f520ff682c6a11a47d7189100ed69704ce10b9e",
    "https://deno.land/x/hono@v3.3.4/context.ts": "a9d2dba3528df1a804d78630f867a8aaee2ebc8b498c5c781eeb057539dedb20",
    "https://deno.land/x/hono@v3.3.4/hono-base.ts": "5d01ed8a5ccddb769b5c7a03ba52b9f4c5614e064e67b20e56ff5b10e753bb75",
    "https://deno.land/x/hono@v3.3.4/hono.ts": "c185fae30dc3aa9966b0f3e8599f81314ba5e8621b907d27cffb77414a1c0908",
    "https://deno.land/x/hono@v3.3.4/http-exception.ts": "6071df078b5f76d279684d52fe82a590f447a64ffe1b75eb5064d0c8a8d2d676",
    "https://deno.land/x/hono@v3.3.4/mod.ts": "be5c09896830494225a12488e3e086b331b9c8829f66cc529cb8636a0c15f6fe",
    "https://deno.land/x/hono@v3.3.4/request.ts": "abbfbd63516c7ee60445b85a5ae8d45a8c9b4dc1a536af5cf84ff73b742ebda4",
    "https://deno.land/x/hono@v3.3.4/router.ts": "d03e2a9e862c898e8555b451ba80c65b1f39d487230815229e1f046dbd8546cb",
    "https://deno.land/x/hono@v3.3.4/router/linear-router/index.ts": "8a2a7144c50b1f4a92d9ee99c2c396716af144c868e10608255f969695efccd0",
    "https://deno.land/x/hono@v3.3.4/router/linear-router/router.ts": "90d4afc052b72f53dafbcf97fd32f24299b985f8a35dbdc70b28048201b3dcbc",
    "https://deno.land/x/hono@v3.3.4/router/pattern-router/index.ts": "304a66c50e243872037ed41c7dd79ed0c89d815e17e172e7ad7cdc4bc07d3383",
    "https://deno.land/x/hono@v3.3.4/router/pattern-router/router.ts": "8107b92cb713ba3727639c76fab44fd26883d5f2fa7dd39242150a0f269d4835",
    "https://deno.land/x/hono@v3.3.4/router/reg-exp-router/index.ts": "52755829213941756159b7a963097bafde5cc4fc22b13b1c7c9184dc0512d1db",
    "https://deno.land/x/hono@v3.3.4/router/reg-exp-router/node.ts": "8006b5bccb83d9fc98e0562a5545f6dd0be639ce445b089a6171c9c617aa8693",
    "https://deno.land/x/hono@v3.3.4/router/reg-exp-router/router.ts": "aeddd88e16a7ec3cf088a13ee952cfcb3319f97559767253e1a600f72fc70f27",
    "https://deno.land/x/hono@v3.3.4/router/reg-exp-router/trie.ts": "567493b301c44174f0895aedb8d055bbecf88f8a25626fa8ca61333bbd0c882c",
    "https://deno.land/x/hono@v3.3.4/router/smart-router/index.ts": "74f9b4fe15ea535900f2b9b048581915f12fe94e531dd2b0032f5610e61c3bef",
    "https://deno.land/x/hono@v3.3.4/router/smart-router/router.ts": "38209165dadea4182b42807a0a6c84a9258532a07ebf87262dc2b5b09d25a2a2",
    "https://deno.land/x/hono@v3.3.4/router/trie-router/index.ts": "3eb75e7f71ba81801631b30de6b1f5cefb2c7239c03797e2b2cbab5085911b41",
    "https://deno.land/x/hono@v3.3.4/router/trie-router/node.ts": "a52111dea7436d6817ffca04018eb65e552e9d7b15fba11b367016334dcb1b0f",
    "https://deno.land/x/hono@v3.3.4/router/trie-router/router.ts": "ad0b3fdabc33abd11a9f5819734aec743602a743cfc9f90ddad73787cd5e7727",
    "https://deno.land/x/hono@v3.3.4/types.ts": "d9733cf808ae9828fb12b62ff4decc23992da8f2050294a16e4af6d90db302f3",
    "https://deno.land/x/hono@v3.3.4/utils/body.ts": "67627aaac6ea8d3d2f2ffcb0aabccfe0c854ee11eaecd36dfcc2f012005337f7",
    "https://deno.land/x/hono@v3.3.4/utils/cookie.ts": "ff2f948c27fb8867fc990b1b6b182dfbe4c263c60a94cd33aefa77af5cdb1655",
    "https://deno.land/x/hono@v3.3.4/utils/http-status.ts": "e0c4343ea7717c314dc600131e16b636c29d61cfdaf9df93b267258d1729d1a0",
    "https://deno.land/x/hono@v3.3.4/utils/types.ts": "634ee00ae271302b2decf73edb91d843feb9fc7bfd43ea643d1b14861914577d",
    "https://deno.land/x/hono@v3.3.4/utils/url.ts": "ad1c84749c1d8fc9b069a074003855b52c04bd56b64ac731a0abc276dfe90dcc",
    "https://deno.land/x/hono@v3.3.4/validator/index.ts": "6c986e8b91dcf857ecc8164a506ae8eea8665792a4ff7215471df669c632ae7c",
    "https://deno.land/x/hono@v3.3.4/validator/validator.ts": "e52183ddf8cefc3cfe2788802fe6ce766df8ac904df485107b01cbcca167dbad",
    "https://deno.land/x/jsx@v0.1.5/mod.ts": "24bb89837fda59c53c12a3c0e464378ca6de9b261dec1df57ba640b1cfed9611"
  }
}
